
Microsoft Visual Studio Solution File, Format Version 12.00
# Visual Studio Version 16
VisualStudioVersion = 16.0.31911.196
MinimumVisualStudioVersion = 10.0.40219.1
Project("{FAE04EC0-301F-11D3-BF4B-00C04F79EFBC}") = "ComponentToolkit", "ComponentToolkit\ComponentToolkit.csproj", "{6E7908DA-1162-4A5E-9AEA-026EB76BBF01}"
EndProject
Global
	GlobalSection(SolutionConfigurationPlatforms) = preSolution
		Debug|Any CPU = Debug|Any CPU
		Release|Any CPU = Release|Any CPU
	EndGlobalSection
	GlobalSection(ProjectConfigurationPlatforms) = postSolution
		{6E7908DA-1162-4A5E-9AEA-026EB76BBF01}.Debug|Any CPU.ActiveCfg = Debug|Any CPU
		{6E7908DA-1162-4A5E-9AEA-026EB76BBF01}.Debug|Any CPU.Build.0 = Debug|Any CPU
		{6E7908DA-1162-4A5E-9AEA-026EB76BBF01}.Release|Any CPU.ActiveCfg = Release|Any CPU
		{6E7908DA-1162-4A5E-9AEA-026EB76BBF01}.Release|Any CPU.Build.0 = Release|Any CPU
	EndGlobalSection
	GlobalSection(SolutionProperties) = preSolution
		HideSolutionNode = FALSE
	EndGlobalSection
	GlobalSection(ExtensibilityGlobals) = postSolution
		SolutionGuid = {AD58310C-8437-474C-8497-C3A7E0DA380F}
	EndGlobalSection
EndGlobal
