
Microsoft Visual Studio Solution File, Format Version 12.00
# Visual Studio Version 17
VisualStudioVersion = 17.0.31919.166
MinimumVisualStudioVersion = 10.0.40219.1
Project("{9A19103F-16F7-4668-BE54-9A1E7A4F7556}") = "PersistentDataEditor", "PersistentDataEditor\PersistentDataEditor.csproj", "{A87B29C5-4724-447A-8098-748B32005616}"
EndProject
Global
	GlobalSection(SolutionConfigurationPlatforms) = preSolution
		Debug|Any CPU = Debug|Any CPU
		Release|Any CPU = Release|Any CPU
	EndGlobalSection
	GlobalSection(ProjectConfigurationPlatforms) = postSolution
		{A87B29C5-4724-447A-8098-748B32005616}.Debug|Any CPU.ActiveCfg = Debug|Any CPU
		{A87B29C5-4724-447A-8098-748B32005616}.Debug|Any CPU.Build.0 = Debug|Any CPU
		{A87B29C5-4724-447A-8098-748B32005616}.Release|Any CPU.ActiveCfg = Release|Any CPU
		{A87B29C5-4724-447A-8098-748B32005616}.Release|Any CPU.Build.0 = Release|Any CPU
	EndGlobalSection
	GlobalSection(SolutionProperties) = preSolution
		HideSolutionNode = FALSE
	EndGlobalSection
	GlobalSection(ExtensibilityGlobals) = postSolution
		SolutionGuid = {AD58310C-8437-474C-8497-C3A7E0DA380F}
	EndGlobalSection
EndGlobal
